# This file is automatically @generated by Poetry 1.6.1 and should not be changed by hand.

[[package]]
name = "azure-cognitiveservices-speech"
version = "1.34.0"
description = "Microsoft Cognitive Services Speech SDK for Python"
optional = false
python-versions = ">=3.7"
files = [
    {file = "azure_cognitiveservices_speech-1.34.0-py3-none-macosx_10_14_x86_64.whl", hash = "sha256:1c485aa823c5e19963318c4ad24115e5be81aee023060e72c148c8d238efc721"},
    {file = "azure_cognitiveservices_speech-1.34.0-py3-none-macosx_11_0_arm64.whl", hash = "sha256:1097c764f2ab625df21893435d4578e4d1c8dd4ed5206a6de63769c6cd2a8041"},
    {file = "azure_cognitiveservices_speech-1.34.0-py3-none-manylinux1_x86_64.whl", hash = "sha256:40595fba64a38a88168b1a85c01c5d9ef961c143c0b50f27d447372b47a7e898"},
    {file = "azure_cognitiveservices_speech-1.34.0-py3-none-manylinux2014_aarch64.whl", hash = "sha256:932830782a1e8ef33e33850fbca038d4a560cff882ba0998bafdce91b027f4ca"},
    {file = "azure_cognitiveservices_speech-1.34.0-py3-none-win32.whl", hash = "sha256:3673eeab808379e63ca610aef213690dc349f547312d33bfd9076c7a396228c6"},
    {file = "azure_cognitiveservices_speech-1.34.0-py3-none-win_amd64.whl", hash = "sha256:1b2920bab32fd911c7c20e99c26442f36df5d10e03c79be464bd863d10af8084"},
]

[metadata]
lock-version = "2.0"
python-versions = "^3.11"
content-hash = "0f68f62ecf13a8fc1d6c1a82ebf0da94171467afc257ab3b9376775731a39c01"
